
Microsoft Visual Studio Solution File, Format Version 12.00
# Visual Studio Version 17
VisualStudioVersion = 17.1.32210.238
MinimumVisualStudioVersion = 10.0.40219.1
Project("{FAE04EC0-301F-11D3-BF4B-00C04F79EFBC}") = "BlazorIJSStreamReferenceError", "BlazorIJSStreamReferenceError.csproj", "{DC611281-F7A2-477C-B879-F2BEEA2EF593}"
EndProject
Global
	GlobalSection(SolutionConfigurationPlatforms) = preSolution
		Debug|Any CPU = Debug|Any CPU
		Release|Any CPU = Release|Any CPU
	EndGlobalSection
	GlobalSection(ProjectConfigurationPlatforms) = postSolution
		{DC611281-F7A2-477C-B879-F2BEEA2EF593}.Debug|Any CPU.ActiveCfg = Debug|Any CPU
		{DC611281-F7A2-477C-B879-F2BEEA2EF593}.Debug|Any CPU.Build.0 = Debug|Any CPU
		{DC611281-F7A2-477C-B879-F2BEEA2EF593}.Release|Any CPU.ActiveCfg = Release|Any CPU
		{DC611281-F7A2-477C-B879-F2BEEA2EF593}.Release|Any CPU.Build.0 = Release|Any CPU
	EndGlobalSection
	GlobalSection(SolutionProperties) = preSolution
		HideSolutionNode = FALSE
	EndGlobalSection
	GlobalSection(ExtensibilityGlobals) = postSolution
		SolutionGuid = {F7787908-CA49-4815-B92D-1E1C84B8068E}
	EndGlobalSection
EndGlobal
